<?xml version="1.0" encoding="utf-8"?>
<Project ToolsVersion="4.0" xmlns="http://schemas.microsoft.com/developer/msbuild/2003">
  <ItemGroup>
    <Filter Include="Source Files">
      <UniqueIdentifier>{4FC737F1-C7A5-4376-A066-2A32D752A2FF}</UniqueIdentifier>
      <Extensions>cpp;c;cc;cxx;c++;cppm;ixx;def;odl;idl;hpj;bat;asm;asmx</Extensions>
    </Filter>
    <Filter Include="Header Files">
      <UniqueIdentifier>{93995380-89BD-4b04-88EB-625FBE52EBFB}</UniqueIdentifier>
      <Extensions>h;hh;hpp;hxx;h++;hm;inl;inc;ipp;xsd</Extensions>
    </Filter>
    <Filter Include="SFML/Graphics">
      <UniqueIdentifier>{93e81be5-53e9-42b3-bf41-4425a7091c62}</UniqueIdentifier>
    </Filter>
    <Filter Include="Resource Files">
      <UniqueIdentifier>{c01fef5f-1bdb-4b8e-8a4f-7c33f680b243}</UniqueIdentifier>
    </Filter>
  </ItemGroup>
  <ItemGroup>
    <ClCompile Include="Main.cpp">
      <Filter>Source Files</Filter>
    </ClCompile>
  </ItemGroup>
  <ItemGroup>
    <ClInclude Include="..\..\SFML-2.5.1\include\SFML\Graphics\BlendMode.hpp">
      <Filter>SFML/Graphics</Filter>
    </ClInclude>
    <ClInclude Include="..\..\SFML-2.5.1\include\SFML\Graphics\CircleShape.hpp">
      <Filter>SFML/Graphics</Filter>
    </ClInclude>
    <ClInclude Include="..\..\SFML-2.5.1\include\SFML\Graphics\Color.hpp">
      <Filter>SFML/Graphics</Filter>
    </ClInclude>
    <ClInclude Include="..\..\SFML-2.5.1\include\SFML\Graphics\ConvexShape.hpp">
      <Filter>SFML/Graphics</Filter>
    </ClInclude>
    <ClInclude Include="..\..\SFML-2.5.1\include\SFML\Graphics\Drawable.hpp">
      <Filter>SFML/Graphics</Filter>
    </ClInclude>
    <ClInclude Include="..\..\SFML-2.5.1\include\SFML\Graphics\Export.hpp">
      <Filter>SFML/Graphics</Filter>
    </ClInclude>
    <ClInclude Include="..\..\SFML-2.5.1\include\SFML\Graphics\Font.hpp">
      <Filter>SFML/Graphics</Filter>
    </ClInclude>
    <ClInclude Include="..\..\SFML-2.5.1\include\SFML\Graphics\Glsl.hpp">
      <Filter>SFML/Graphics</Filter>
    </ClInclude>
    <ClInclude Include="..\..\SFML-2.5.1\include\SFML\Graphics\Glyph.hpp">
      <Filter>SFML/Graphics</Filter>
    </ClInclude>
    <ClInclude Include="..\..\SFML-2.5.1\include\SFML\Graphics\Image.hpp">
      <Filter>SFML/Graphics</Filter>
    </ClInclude>
    <ClInclude Include="..\..\SFML-2.5.1\include\SFML\Graphics\PrimitiveType.hpp">
      <Filter>SFML/Graphics</Filter>
    </ClInclude>
    <ClInclude Include="..\..\SFML-2.5.1\include\SFML\Graphics\Rect.hpp">
      <Filter>SFML/Graphics</Filter>
    </ClInclude>
    <ClInclude Include="..\..\SFML-2.5.1\include\SFML\Graphics\RectangleShape.hpp">
      <Filter>SFML/Graphics</Filter>
    </ClInclude>
    <ClInclude Include="..\..\SFML-2.5.1\include\SFML\Graphics\RenderStates.hpp">
      <Filter>SFML/Graphics</Filter>
    </ClInclude>
    <ClInclude Include="..\..\SFML-2.5.1\include\SFML\Graphics\RenderTarget.hpp">
      <Filter>SFML/Graphics</Filter>
    </ClInclude>
    <ClInclude Include="..\..\SFML-2.5.1\include\SFML\Graphics\RenderTexture.hpp">
      <Filter>SFML/Graphics</Filter>
    </ClInclude>
    <ClInclude Include="..\..\SFML-2.5.1\include\SFML\Graphics\RenderWindow.hpp">
      <Filter>SFML/Graphics</Filter>
    </ClInclude>
    <ClInclude Include="..\..\SFML-2.5.1\include\SFML\Graphics\Shader.hpp">
      <Filter>SFML/Graphics</Filter>
    </ClInclude>
    <ClInclude Include="..\..\SFML-2.5.1\include\SFML\Graphics\Shape.hpp">
      <Filter>SFML/Graphics</Filter>
    </ClInclude>
    <ClInclude Include="..\..\SFML-2.5.1\include\SFML\Graphics\Sprite.hpp">
      <Filter>SFML/Graphics</Filter>
    </ClInclude>
    <ClInclude Include="..\..\SFML-2.5.1\include\SFML\Graphics\Text.hpp">
      <Filter>SFML/Graphics</Filter>
    </ClInclude>
    <ClInclude Include="..\..\SFML-2.5.1\include\SFML\Graphics\Texture.hpp">
      <Filter>SFML/Graphics</Filter>
    </ClInclude>
    <ClInclude Include="..\..\SFML-2.5.1\include\SFML\Graphics\Transform.hpp">
      <Filter>SFML/Graphics</Filter>
    </ClInclude>
    <ClInclude Include="..\..\SFML-2.5.1\include\SFML\Graphics\Transformable.hpp">
      <Filter>SFML/Graphics</Filter>
    </ClInclude>
    <ClInclude Include="..\..\SFML-2.5.1\include\SFML\Graphics\Vertex.hpp">
      <Filter>SFML/Graphics</Filter>
    </ClInclude>
    <ClInclude Include="..\..\SFML-2.5.1\include\SFML\Graphics\VertexArray.hpp">
      <Filter>SFML/Graphics</Filter>
    </ClInclude>
    <ClInclude Include="..\..\SFML-2.5.1\include\SFML\Graphics\VertexBuffer.hpp">
      <Filter>SFML/Graphics</Filter>
    </ClInclude>
    <ClInclude Include="..\..\SFML-2.5.1\include\SFML\Graphics\View.hpp">
      <Filter>SFML/Graphics</Filter>
    </ClInclude>
  </ItemGroup>
  <ItemGroup>
    <None Include="..\..\SFML-2.5.1\include\SFML\Graphics\Glsl.inl">
      <Filter>SFML/Graphics</Filter>
    </None>
    <None Include="..\..\SFML-2.5.1\include\SFML\Graphics\Rect.inl">
      <Filter>SFML/Graphics</Filter>
    </None>
  </ItemGroup>
  <ItemGroup>
    <Media Include="ball.wav">
      <Filter>Resource Files</Filter>
    </Media>
  </ItemGroup>
  <ItemGroup>
    <Font Include="Inconsolata.ttf">
      <Filter>Resource Files</Filter>
    </Font>
  </ItemGroup>
</Project>